// !$*UTF8*$!
{
	archiveVersion = 1;
	classes = {
	};
	objectVersion = 46;
	objects = {

/* Begin PBXBuildFile section */
		06E882F71BFDF9310007301B /* AppDelegate.swift in Sources */ = {isa = PBXBuildFile; fileRef = 06E882F61BFDF9310007301B /* AppDelegate.swift */; };
		06E882F91BFDF9310007301B /* ViewController.swift in Sources */ = {isa = PBXBuildFile; fileRef = 06E882F81BFDF9310007301B /* ViewController.swift */; };
		06E882FB1BFDF9310007301B /* Assets.xcassets in Resources */ = {isa = PBXBuildFile; fileRef = 06E882FA1BFDF9310007301B /* Assets.xcassets */; };
		06E882FE1BFDF9310007301B /* Main.storyboard in Resources */ = {isa = PBXBuildFile; fileRef = 06E882FC1BFDF9310007301B /* Main.storyboard */; };
/* End PBXBuildFile section */

/* Begin PBXFileReference section */
		06E882F31BFDF9310007301B /* SKDownloader.app */ = {isa = PBXFileReference; explicitFileType = wrapper.application; includeInIndex = 0; path = SKDownloader.app; sourceTree = BUILT_PRODUCTS_DIR; };
		06E882F61BFDF9310007301B /* AppDelegate.swift */ = {isa = PBXFileReference; lastKnownFileType = sourcecode.swift; path = AppDelegate.swift; sourceTree = "<group>"; };
		06E882F81BFDF9310007301B /* ViewController.swift */ = {isa = PBXFileReference; lastKnownFileType = sourcecode.swift; path = ViewController.swift; sourceTree = "<group>"; };
		06E882FA1BFDF9310007301B /* Assets.xcassets */ = {isa = PBXFileReference; lastKnownFileType = folder.assetcatalog; path = Assets.xcassets; sourceTree = "<group>"; };
		06E882FD1BFDF9310007301B /* Base */ = {isa = PBXFileReference; lastKnownFileType = file.storyboard; name = Base; path = Base.lproj/Main.storyboard; sourceTree = "<group>"; };
		06E882FF1BFDF9310007301B /* Info.plist */ = {isa = PBXFileReference; lastKnownFileType = text.plist.xml; path = Info.plist; sourceTree = "<group>"; };
/* End PBXFileReference section */

/* Begin PBXFrameworksBuildPhase section */
		06E882F01BFDF9310007301B /* Frameworks */ = {
			isa = PBXFrameworksBuildPhase;
			buildActionMask = 2147483647;
			files = (
			);
			runOnlyForDeploymentPostprocessing = 0;
		};
/* End PBXFrameworksBuildPhase section */

/* Begin PBXGroup section */
		06E882EA1BFDF9310007301B = {
			isa = PBXGroup;
			children = (
				06E882F51BFDF9310007301B /* SKDownloader */,
				06E882F41BFDF9310007301B /* Products */,
			);
			sourceTree = "<group>";
		};
		06E882F41BFDF9310007301B /* Products */ = {
			isa = PBXGroup;
			children = (
				06E882F31BFDF9310007301B /* SKDownloader.app */,
			);
			name = Products;
			sourceTree = "<group>";
		};
		06E882F51BFDF9310007301B /* SKDownloader */ = {
			isa = PBXGroup;
			children = (
				06E882F61BFDF9310007301B /* AppDelegate.swift */,
				06E882F81BFDF9310007301B /* ViewController.swift */,
				06E882FA1BFDF9310007301B /* Assets.xcassets */,
				06E882FC1BFDF9310007301B /* Main.storyboard */,
				06E882FF1BFDF9310007301B /* Info.plist */,
			);
			path = SKDownloader;
			sourceTree = "<group>";
		};
/* End PBXGroup section */

/* Begin PBXNativeTarget section */
		06E882F21BFDF9310007301B /* SKDownloader */ = {
			isa = PBXNativeTarget;
			buildConfigurationList = 06E883021BFDF9310007301B /* Build configuration list for PBXNativeTarget "SKDownloader" */;
			buildPhases = (
				06E882EF1BFDF9310007301B /* Sources */,
				06E882F01BFDF9310007301B /* Frameworks */,
				06E882F11BFDF9310007301B /* Resources */,
			);
			buildRules = (
			);
			dependencies = (
			);
			name = SKDownloader;
			productName = SKDownloader;
			productReference = 06E882F31BFDF9310007301B /* SKDownloader.app */;
			productType = "com.apple.product-type.application";
		};
/* End PBXNativeTarget section */

/* Begin PBXProject section */
		06E882EB1BFDF9310007301B /* Project object */ = {
			isa = PBXProject;
			attributes = {
				LastSwiftUpdateCheck = 0710;
				LastUpgradeCheck = 0710;
				ORGANIZATIONNAME = liupeng;
				TargetAttributes = {
					06E882F21BFDF9310007301B = {
						CreatedOnToolsVersion = 7.1.1;
					};
				};
			};
			buildConfigurationList = 06E882EE1BFDF9310007301B /* Build configuration list for PBXProject "SKDownloader" */;
			compatibilityVersion = "Xcode 3.2";
			developmentRegion = English;
			hasScannedForEncodings = 0;
			knownRegions = (
				en,
				Base,
			);
			mainGroup = 06E882EA1BFDF9310007301B;
			productRefGroup = 06E882F41BFDF9310007301B /* Products */;
			projectDirPath = "";
			projectRoot = "";
			targets = (
				06E882F21BFDF9310007301B /* SKDownloader */,
			);
		};
/* End PBXProject section */

/* Begin PBXResourcesBuildPhase section */
		06E882F11BFDF9310007301B /* Resources */ = {
			isa = PBXResourcesBuildPhase;
			buildActionMask = 2147483647;
			files = (
				06E882FB1BFDF9310007301B /* Assets.xcassets in Resources */,
				06E882FE1BFDF9310007301B /* Main.storyboard in Resources */,
			);
			runOnlyForDeploymentPostprocessing = 0;
		};
/* End PBXResourcesBuildPhase section */

/* Begin PBXSourcesBuildPhase section */
		06E882EF1BFDF9310007301B /* Sources */ = {
			isa = PBXSourcesBuildPhase;
			buildActionMask = 2147483647;
			files = (
				06E882F91BFDF9310007301B /* ViewController.swift in Sources */,
				06E882F71BFDF9310007301B /* AppDelegate.swift in Sources */,
			);
			runOnlyForDeploymentPostprocessing = 0;
		};
/* End PBXSourcesBuildPhase section */

/* Begin PBXVariantGroup section */
		06E882FC1BFDF9310007301B /* Main.storyboard */ = {
			isa = PBXVariantGroup;
			children = (
				06E882FD1BFDF9310007301B /* Base */,
			);
			name = Main.storyboard;
			sourceTree = "<group>";
		};
/* End PBXVariantGroup section */

/* Begin XCBuildConfiguration section */
		06E883001BFDF9310007301B /* Debug */ = {
			isa = XCBuildConfiguration;
			buildSettings = {
				ALWAYS_SEARCH_USER_PATHS = NO;
				CLANG_CXX_LANGUAGE_STANDARD = "gnu++0x";
				CLANG_CXX_LIBRARY = "libc++";
				CLANG_ENABLE_MODULES = YES;
				CLANG_ENABLE_OBJC_ARC = YES;
				CLANG_WARN_BOOL_CONVERSION = YES;
				CLANG_WARN_CONSTANT_CONVERSION = YES;
				CLANG_WARN_DIRECT_OBJC_ISA_USAGE = YES_ERROR;
				CLANG_WARN_EMPTY_BODY = YES;
				CLANG_WARN_ENUM_CONVERSION = YES;
				CLANG_WARN_INT_CONVERSION = YES;
				CLANG_WARN_OBJC_ROOT_CLASS = YES_ERROR;
				CLANG_WARN_UNREACHABLE_CODE = YES;
				CLANG_WARN__DUPLICATE_METHOD_MATCH = YES;
				CODE_SIGN_IDENTITY = "-";
				COPY_PHASE_STRIP = NO;
				DEBUG_INFORMATION_FORMAT = dwarf;
				ENABLE_STRICT_OBJC_MSGSEND = YES;
				ENABLE_TESTABILITY = YES;
				GCC_C_LANGUAGE_STANDARD = gnu99;
				GCC_DYNAMIC_NO_PIC = NO;
				GCC_NO_COMMON_BLOCKS = YES;
				GCC_OPTIMIZATION_LEVEL = 0;
				GCC_PREPROCESSOR_DEFINITIONS = (
					"DEBUG=1",
					"$(inherited)",
				);
				GCC_WARN_64_TO_32_BIT_CONVERSION = YES;
				GCC_WARN_ABOUT_RETURN_TYPE = YES_ERROR;
				GCC_WARN_UNDECLARED_SELECTOR = YES;
				GCC_WARN_UNINITIALIZED_AUTOS = YES_AGGRESSIVE;
				GCC_WARN_UNUSED_FUNCTION = YES;
				GCC_WARN_UNUSED_VARIABLE = YES;
				MACOSX_DEPLOYMENT_TARGET = 10.11;
				MTL_ENABLE_DEBUG_INFO = YES;
				ONLY_ACTIVE_ARCH = YES;
				SDKROOT = macosx;
				SWIFT_OPTIMIZATION_LEVEL = "-Onone";
			};
			name = Debug;
		};
		06E883011BFDF9310007301B /* Release */ = {
			isa = XCBuildConfiguration;
			buildSettings = {
				ALWAYS_SEARCH_USER_PATHS = NO;
				CLANG_CXX_LANGUAGE_STANDARD = "gnu++0x";
				CLANG_CXX_LIBRARY = "libc++";
				CLANG_ENABLE_MODULES = YES;
				CLANG_ENABLE_OBJC_ARC = YES;
				CLANG_WARN_BOOL_CONVERSION = YES;
				CLANG_WARN_CONSTANT_CONVERSION = YES;
				CLANG_WARN_DIRECT_OBJC_ISA_USAGE = YES_ERROR;
				CLANG_WARN_EMPTY_BODY = YES;
				CLANG_WARN_ENUM_CONVERSION = YES;
				CLANG_WARN_INT_CONVERSION = YES;
				CLANG_WARN_OBJC_ROOT_CLASS = YES_ERROR;
				CLANG_WARN_UNREACHABLE_CODE = YES;
				CLANG_WARN__DUPLICATE_METHOD_MATCH = YES;
				CODE_SIGN_IDENTITY = "-";
				COPY_PHASE_STRIP = NO;
				DEBUG_INFORMATION_FORMAT = "dwarf-with-dsym";
				ENABLE_NS_ASSERTIONS = NO;
				ENABLE_STRICT_OBJC_MSGSEND = YES;
				GCC_C_LANGUAGE_STANDARD = gnu99;
				GCC_NO_COMMON_BLOCKS = YES;
				GCC_WARN_64_TO_32_BIT_CONVERSION = YES;
				GCC_WARN_ABOUT_RETURN_TYPE = YES_ERROR;
				GCC_WARN_UNDECLARED_SELECTOR = YES;
				GCC_WARN_UNINITIALIZED_AUTOS = YES_AGGRESSIVE;
				GCC_WARN_UNUSED_FUNCTION = YES;
				GCC_WARN_UNUSED_VARIABLE = YES;
				MACOSX_DEPLOYMENT_TARGET = 10.11;
				MTL_ENABLE_DEBUG_INFO = NO;
				SDKROOT = macosx;
			};
			name = Release;
		};
		06E883031BFDF9310007301B /* Debug */ = {
			isa = XCBuildConfiguration;
			buildSettings = {
				ASSETCATALOG_COMPILER_APPICON_NAME = AppIcon;
				COMBINE_HIDPI_IMAGES = YES;
				INFOPLIST_FILE = SKDownloader/Info.plist;
				LD_RUNPATH_SEARCH_PATHS = "$(inherited) @executable_path/../Frameworks";
				PRODUCT_BUNDLE_IDENTIFIER = com.hj.sk.SKDownloader;
				PRODUCT_NAME = "$(TARGET_NAME)";
			};
			name = Debug;
		};
		06E883041BFDF9310007301B /* Release */ = {
			isa = XCBuildConfiguration;
			buildSettings = {
				ASSETCATALOG_COMPILER_APPICON_NAME = AppIcon;
				COMBINE_HIDPI_IMAGES = YES;
				INFOPLIST_FILE = SKDownloader/Info.plist;
				LD_RUNPATH_SEARCH_PATHS = "$(inherited) @executable_path/../Frameworks";
				PRODUCT_BUNDLE_IDENTIFIER = com.hj.sk.SKDownloader;
				PRODUCT_NAME = "$(TARGET_NAME)";
			};
			name = Release;
		};
/* End XCBuildConfiguration section */

/* Begin XCConfigurationList section */
		06E882EE1BFDF9310007301B /* Build configuration list for PBXProject "SKDownloader" */ = {
			isa = XCConfigurationList;
			buildConfigurations = (
				06E883001BFDF9310007301B /* Debug */,
				06E883011BFDF9310007301B /* Release */,
			);
			defaultConfigurationIsVisible = 0;
			defaultConfigurationName = Release;
		};
		06E883021BFDF9310007301B /* Build configuration list for PBXNativeTarget "SKDownloader" */ = {
			isa = XCConfigurationList;
			buildConfigurations = (
				06E883031BFDF9310007301B /* Debug */,
				06E883041BFDF9310007301B /* Release */,
			);
			defaultConfigurationIsVisible = 0;
		};
/* End XCConfigurationList section */
	};
	rootObject = 06E882EB1BFDF9310007301B /* Project object */;
}
